
Microsoft Visual Studio Solution File, Format Version 12.00
# Visual Studio Version 17
VisualStudioVersion = 17.5.33530.505
MinimumVisualStudioVersion = 10.0.40219.1
Project("{9A19103F-16F7-4668-BE54-9A1E7A4F7556}") = "HamroCarRental.Application", "HamroCarRental.Application\HamroCarRental.Application.csproj", "{3CFDF122-4CF2-40DA-AC99-3D3826389F97}"
EndProject
Project("{9A19103F-16F7-4668-BE54-9A1E7A4F7556}") = "HamroCarRental.API", "HamroCarRental.API\HamroCarRental.API.csproj", "{5A3533E6-3B39-4717-805A-D6BCAAFB6B8D}"
EndProject
Project("{9A19103F-16F7-4668-BE54-9A1E7A4F7556}") = "HamroCarRental.Repository", "HamroCarRental.Repository\HamroCarRental.Repository.csproj", "{449902DF-9A86-4030-8D0E-05974745A59A}"
EndProject
Project("{9A19103F-16F7-4668-BE54-9A1E7A4F7556}") = "RootLibrary", "RootLibrary\RootLibrary.csproj", "{1E13E1A6-1903-4A7B-821F-1044F6BDD54A}"
EndProject
Global
	GlobalSection(SolutionConfigurationPlatforms) = preSolution
		Debug|Any CPU = Debug|Any CPU
		Release|Any CPU = Release|Any CPU
	EndGlobalSection
	GlobalSection(ProjectConfigurationPlatforms) = postSolution
		{3CFDF122-4CF2-40DA-AC99-3D3826389F97}.Debug|Any CPU.ActiveCfg = Debug|Any CPU
		{3CFDF122-4CF2-40DA-AC99-3D3826389F97}.Debug|Any CPU.Build.0 = Debug|Any CPU
		{3CFDF122-4CF2-40DA-AC99-3D3826389F97}.Release|Any CPU.ActiveCfg = Release|Any CPU
		{3CFDF122-4CF2-40DA-AC99-3D3826389F97}.Release|Any CPU.Build.0 = Release|Any CPU
		{5A3533E6-3B39-4717-805A-D6BCAAFB6B8D}.Debug|Any CPU.ActiveCfg = Debug|Any CPU
		{5A3533E6-3B39-4717-805A-D6BCAAFB6B8D}.Debug|Any CPU.Build.0 = Debug|Any CPU
		{5A3533E6-3B39-4717-805A-D6BCAAFB6B8D}.Release|Any CPU.ActiveCfg = Release|Any CPU
		{5A3533E6-3B39-4717-805A-D6BCAAFB6B8D}.Release|Any CPU.Build.0 = Release|Any CPU
		{449902DF-9A86-4030-8D0E-05974745A59A}.Debug|Any CPU.ActiveCfg = Debug|Any CPU
		{449902DF-9A86-4030-8D0E-05974745A59A}.Debug|Any CPU.Build.0 = Debug|Any CPU
		{449902DF-9A86-4030-8D0E-05974745A59A}.Release|Any CPU.ActiveCfg = Release|Any CPU
		{449902DF-9A86-4030-8D0E-05974745A59A}.Release|Any CPU.Build.0 = Release|Any CPU
		{1E13E1A6-1903-4A7B-821F-1044F6BDD54A}.Debug|Any CPU.ActiveCfg = Debug|Any CPU
		{1E13E1A6-1903-4A7B-821F-1044F6BDD54A}.Debug|Any CPU.Build.0 = Debug|Any CPU
		{1E13E1A6-1903-4A7B-821F-1044F6BDD54A}.Release|Any CPU.ActiveCfg = Release|Any CPU
		{1E13E1A6-1903-4A7B-821F-1044F6BDD54A}.Release|Any CPU.Build.0 = Release|Any CPU
	EndGlobalSection
	GlobalSection(SolutionProperties) = preSolution
		HideSolutionNode = FALSE
	EndGlobalSection
	GlobalSection(ExtensibilityGlobals) = postSolution
		SolutionGuid = {C9562093-9814-4933-A421-A18150DF5C43}
	EndGlobalSection
EndGlobal
